schema: '2.0'
stages:
  ingest:
    cmd: uv run python scripts/ingest.py
    deps:
    - path: data/raw
      hash: md5
      md5: 194a1f08e5aed185f4069b87066a3a8b.dir
      size: 58342137
      nfiles: 3
    - path: scripts/ingest.py
      hash: md5
      md5: 3c2f28ee3006c0893e6fc060b154734f
      size: 9095
    - path: src/schemas/point_record.py
      hash: md5
      md5: 773391e72700621e95dd1a7ebd41bb88
      size: 11313
    params:
      params.yaml:
        ingestion.raw_data_dir: data/raw
        ingestion.validated_data_dir: artifacts/validated_data
        ingestion.validated_file_name: points.parquet
    outs:
    - path: artifacts/validated_data/points.parquet
      hash: md5
      md5: 552c25c3c31db6ba5a087857b54d59b5
      size: 5181695
  train_classifier:
    cmd: uv run python scripts/train_classifier.py
    deps:
    - path: artifacts/validated_data/points.parquet
      hash: md5
      md5: 552c25c3c31db6ba5a087857b54d59b5
      size: 5181695
    - path: params.yaml
      hash: md5
      md5: 13dd3d04c150dfc17f88b35e5a69e5f6
      size: 4811
    - path: scripts/train_classifier.py
      hash: md5
      md5: 1c7f53509232d1b28496cebdb93495e8
      size: 11962
    - path: src/config/loader.py
      hash: md5
      md5: 6cb5193b1c07b4ae667e4b2116291e75
      size: 5447
    - path: src/models/point_win_classifier.py
      hash: md5
      md5: 5b9678fb60e1989ac80ab9679d2d3471
      size: 13974
    params:
      params.yaml:
        models.calibration_method: sigmoid
        models.mlflow_experiment_classifier: pulse_point_win_classifier_v1
        models.random_state: 42
        models.train_test_split: 0.2
        solver.default_p_serve: 0.62
        uncertainty.confidence_level: 0.95
        uncertainty.min_stratum_observations: 10
    outs:
    - path: artifacts/metrics/classifier_metrics.json
      hash: md5
      md5: f18e79bb401ed9201e6fa8695d5f00c0
      size: 1995
    - path: artifacts/models/point_win_classifier/
      hash: md5
      md5: 5dbcde4bb7b90b9c5734a689c4fb93f6.dir
      size: 518912
      nfiles: 2
  train_pressure:
    cmd: uv run python scripts/train_pressure.py
    deps:
    - path: artifacts/models/point_win_classifier/
      hash: md5
      md5: 5dbcde4bb7b90b9c5734a689c4fb93f6.dir
      size: 518912
      nfiles: 2
    - path: artifacts/validated_data/points.parquet
      hash: md5
      md5: 552c25c3c31db6ba5a087857b54d59b5
      size: 5181695
    - path: params.yaml
      hash: md5
      md5: 13dd3d04c150dfc17f88b35e5a69e5f6
      size: 4811
    - path: scripts/train_pressure.py
      hash: md5
      md5: cf5f75845f11be9bb26190a671b06e1e
      size: 9744
    - path: src/config/loader.py
      hash: md5
      md5: 6cb5193b1c07b4ae667e4b2116291e75
      size: 5447
    - path: src/models/pressure_deviation.py
      hash: md5
      md5: 76b49dc36d179a34ab7630922dfe0fe3
      size: 14498
    params:
      params.yaml:
        models.mlflow_experiment_pressure: pulse_pressure_deviation_v1
        models.pressure_leverage_buckets:
        - 0.1
        - 0.25
        models.pressure_prior_alpha: 2.0
        models.pressure_prior_beta: 2.0
        models.pressure_prior_min_players_per_bucket: 15
        models.random_state: 42
    outs:
    - path: artifacts/metrics/pressure_metrics.json
      hash: md5
      md5: cf75885fc1d1baa466b37e850e9ab567
      size: 580
    - path: artifacts/models/pressure_deviation/
      hash: md5
      md5: 1f4da5a80ac6e843c9c388e53b0b589d.dir
      size: 636233
      nfiles: 1
  evaluate:
    cmd: uv run pytest tests/unit/test_markov_solver.py && uv run python 
      scripts/evaluate_escalation_precision.py
    deps:
    - path: artifacts/validated_data/points.parquet
      hash: md5
      md5: 552c25c3c31db6ba5a087857b54d59b5
      size: 5181695
    - path: params.yaml
      hash: md5
      md5: 13dd3d04c150dfc17f88b35e5a69e5f6
      size: 4811
    - path: scripts/evaluate_escalation_precision.py
      hash: md5
      md5: 854aabaa2d38fd1d09b581cb744d2602
      size: 23950
    - path: src/core/markov_solver.py
      hash: md5
      md5: 064c3b8915a8e5c58057bd90ef110461
      size: 20726
    - path: tests/unit/test_markov_solver.py
      hash: md5
      md5: e20bb0e64b84eecf5a4265317f635335
      size: 6283
    outs:
    - path: artifacts/metrics/escalation_precision_metrics.json
      hash: md5
      md5: d5b6c64ef624bc5e4019c059cba87da3
      size: 5561
  build_payoff_matrices:
    cmd: uv run python scripts/build_payoff_matrices.py
    deps:
    - path: artifacts/validated_data/points.parquet
      hash: md5
      md5: 552c25c3c31db6ba5a087857b54d59b5
      size: 5181695
    - path: params.yaml
      hash: md5
      md5: 13dd3d04c150dfc17f88b35e5a69e5f6
      size: 4811
    - path: scripts/build_payoff_matrices.py
      hash: md5
      md5: 51ed94cb533e0d2556f281067bc98b0a
      size: 12147
    - path: src/config/loader.py
      hash: md5
      md5: 6cb5193b1c07b4ae667e4b2116291e75
      size: 5447
    - path: src/core/game_theory.py
      hash: md5
      md5: 3b8217d1cee2f8da30dfaa5b74967d4d
      size: 19939
    params:
      params.yaml:
        models.game_theory_min_observations_per_cell: 5
        models.game_theory_prior_alpha: 2.0
        models.game_theory_prior_beta: 2.0
        thresholds.exploit_min_sample_size: 30
        thresholds.game_theory_3x3_min_sample_size: 50
    outs:
    - path: artifacts/metrics/game_theory_metrics.json
      hash: md5
      md5: 9552e75681ee889ee79ef32ca88672bc
      size: 224
    - path: artifacts/models/game_theory/
      hash: md5
      md5: e4a9e1425602886292e5c16f15453b47.dir
      size: 1436658
      nfiles: 1
