schema: '2.0'
stages:
  ingest:
    cmd: uv run python scripts/ingest.py
    deps:
    - path: data/raw
      hash: md5
      md5: 194a1f08e5aed185f4069b87066a3a8b.dir
      size: 58342137
      nfiles: 3
    - path: scripts/ingest.py
      hash: md5
      md5: 3c2f28ee3006c0893e6fc060b154734f
      size: 9095
    - path: src/schemas/point_record.py
      hash: md5
      md5: 99c90594278b8c2deb7756395a6eddfe
      size: 8492
    params:
      params.yaml:
        ingestion.raw_data_dir: data/raw
        ingestion.validated_data_dir: artifacts/validated_data
        ingestion.validated_file_name: points.parquet
    outs:
    - path: artifacts/validated_data/points.parquet
      hash: md5
      md5: 552c25c3c31db6ba5a087857b54d59b5
      size: 5181695
  train_classifier:
    cmd: uv run python scripts/train_classifier.py
    deps:
    - path: artifacts/validated_data/points.parquet
      hash: md5
      md5: 552c25c3c31db6ba5a087857b54d59b5
      size: 5181695
    - path: params.yaml
      hash: md5
      md5: 1bd29afb313b29643be7e3500c3619a0
      size: 3828
    - path: scripts/train_classifier.py
      hash: md5
      md5: 1c7f53509232d1b28496cebdb93495e8
      size: 11962
    - path: src/config/loader.py
      hash: md5
      md5: 23017a42c3ddf7e007dd4fd8cf567e66
      size: 4688
    - path: src/models/point_win_classifier.py
      hash: md5
      md5: 692f16e12f222d34061f077da4a259ad
      size: 12786
    params:
      params.yaml:
        models.calibration_method: sigmoid
        models.mlflow_experiment_classifier: pulse_point_win_classifier_v1
        models.random_state: 42
        models.train_test_split: 0.2
        solver.default_p_serve: 0.62
        uncertainty.confidence_level: 0.95
        uncertainty.min_stratum_observations: 10
    outs:
    - path: artifacts/metrics/classifier_metrics.json
      hash: md5
      md5: f18e79bb401ed9201e6fa8695d5f00c0
      size: 1995
    - path: artifacts/models/point_win_classifier/
      hash: md5
      md5: 5dbcde4bb7b90b9c5734a689c4fb93f6.dir
      size: 518912
      nfiles: 2
  train_pressure:
    cmd: uv run python scripts/train_pressure.py
    deps:
    - path: artifacts/models/point_win_classifier/
      hash: md5
      md5: 5dbcde4bb7b90b9c5734a689c4fb93f6.dir
      size: 518912
      nfiles: 2
    - path: artifacts/validated_data/points.parquet
      hash: md5
      md5: 552c25c3c31db6ba5a087857b54d59b5
      size: 5181695
    - path: params.yaml
      hash: md5
      md5: 1bd29afb313b29643be7e3500c3619a0
      size: 3828
    - path: scripts/train_pressure.py
      hash: md5
      md5: cf5f75845f11be9bb26190a671b06e1e
      size: 9744
    - path: src/config/loader.py
      hash: md5
      md5: 23017a42c3ddf7e007dd4fd8cf567e66
      size: 4688
    - path: src/models/pressure_deviation.py
      hash: md5
      md5: acb70a1daf2a8a533a97d82a2e736095
      size: 13569
    params:
      params.yaml:
        models.mlflow_experiment_pressure: pulse_pressure_deviation_v1
        models.pressure_leverage_buckets:
        - 0.1
        - 0.25
        models.pressure_prior_alpha: 2.0
        models.pressure_prior_beta: 2.0
        models.pressure_prior_min_players_per_bucket: 15
        models.random_state: 42
    outs:
    - path: artifacts/metrics/pressure_metrics.json
      hash: md5
      md5: cf75885fc1d1baa466b37e850e9ab567
      size: 580
    - path: artifacts/models/pressure_deviation/
      hash: md5
      md5: 1f4da5a80ac6e843c9c388e53b0b589d.dir
      size: 636233
      nfiles: 1
  evaluate:
    cmd: echo "Stage not yet implemented — Phase 6 Evaluation Suite & Solver 
      Gate"
    deps:
    - path: params.yaml
      hash: md5
      md5: 1bd29afb313b29643be7e3500c3619a0
      size: 3828
  build_payoff_matrices:
    cmd: uv run python scripts/build_payoff_matrices.py
    deps:
    - path: artifacts/validated_data/points.parquet
      hash: md5
      md5: 552c25c3c31db6ba5a087857b54d59b5
      size: 5181695
    - path: params.yaml
      hash: md5
      md5: 1bd29afb313b29643be7e3500c3619a0
      size: 3828
    - path: scripts/build_payoff_matrices.py
      hash: md5
      md5: 1803eb681fdf2dcbfde1a2ccc3ffda31
      size: 11934
    - path: src/config/loader.py
      hash: md5
      md5: 23017a42c3ddf7e007dd4fd8cf567e66
      size: 4688
    - path: src/core/game_theory.py
      hash: md5
      md5: 1e9b0ada4d1973c1fcc2cd27e4c13acf
      size: 17730
    params:
      params.yaml:
        models.game_theory_min_observations_per_cell: 5
        models.game_theory_prior_alpha: 2.0
        models.game_theory_prior_beta: 2.0
        thresholds.exploit_min_sample_size: 30
        thresholds.game_theory_3x3_min_sample_size: 50
    outs:
    - path: artifacts/metrics/game_theory_metrics.json
      hash: md5
      md5: 9552e75681ee889ee79ef32ca88672bc
      size: 224
    - path: artifacts/models/game_theory/
      hash: md5
      md5: dee60978231bc42b025e1c76abf9831e.dir
      size: 1269816
      nfiles: 1
